
Microsoft Visual Studio Solution File, Format Version 12.00
# Visual Studio 2013
VisualStudioVersion = 12.0.21005.1
MinimumVisualStudioVersion = 10.0.40219.1
Project("{2150E333-8FDC-42A3-9474-1A3956D46DE8}") = "1_UI", "1_UI", "{E4BF8DB9-06D0-4D06-8A2B-1F480AF6FAFA}"
EndProject
Project("{2150E333-8FDC-42A3-9474-1A3956D46DE8}") = "2_DataAccess", "2_DataAccess", "{41806F49-7461-4CB5-BB4D-620F2A11E961}"
EndProject
Project("{FAE04EC0-301F-11D3-BF4B-00C04F79EFBC}") = "DataAccess", "DataAccess\DataAccess.csproj", "{F8F495D5-854B-413F-9006-BCAF96B4D383}"
EndProject
Project("{FAE04EC0-301F-11D3-BF4B-00C04F79EFBC}") = "WebClinicaMedica", "WebClinicaMedica\WebClinicaMedica.csproj", "{4B5C4788-301E-45F9-AAFE-7C465E5538DC}"
EndProject
Global
	GlobalSection(SolutionConfigurationPlatforms) = preSolution
		Debug|Any CPU = Debug|Any CPU
		Release|Any CPU = Release|Any CPU
	EndGlobalSection
	GlobalSection(ProjectConfigurationPlatforms) = postSolution
		{F8F495D5-854B-413F-9006-BCAF96B4D383}.Debug|Any CPU.ActiveCfg = Debug|Any CPU
		{F8F495D5-854B-413F-9006-BCAF96B4D383}.Debug|Any CPU.Build.0 = Debug|Any CPU
		{F8F495D5-854B-413F-9006-BCAF96B4D383}.Release|Any CPU.ActiveCfg = Release|Any CPU
		{F8F495D5-854B-413F-9006-BCAF96B4D383}.Release|Any CPU.Build.0 = Release|Any CPU
		{4B5C4788-301E-45F9-AAFE-7C465E5538DC}.Debug|Any CPU.ActiveCfg = Debug|Any CPU
		{4B5C4788-301E-45F9-AAFE-7C465E5538DC}.Debug|Any CPU.Build.0 = Debug|Any CPU
		{4B5C4788-301E-45F9-AAFE-7C465E5538DC}.Release|Any CPU.ActiveCfg = Release|Any CPU
		{4B5C4788-301E-45F9-AAFE-7C465E5538DC}.Release|Any CPU.Build.0 = Release|Any CPU
	EndGlobalSection
	GlobalSection(SolutionProperties) = preSolution
		HideSolutionNode = FALSE
	EndGlobalSection
	GlobalSection(NestedProjects) = preSolution
		{4B5C4788-301E-45F9-AAFE-7C465E5538DC} = {E4BF8DB9-06D0-4D06-8A2B-1F480AF6FAFA}
		{F8F495D5-854B-413F-9006-BCAF96B4D383} = {41806F49-7461-4CB5-BB4D-620F2A11E961}
	EndGlobalSection
EndGlobal
